
Microsoft Visual Studio Solution File, Format Version 12.00
# Visual Studio Version 17
VisualStudioVersion = 17.0.32002.185
MinimumVisualStudioVersion = 10.0.40219.1
Project("{FAE04EC0-301F-11D3-BF4B-00C04F79EFBC}") = "ParkyAPI", "ParkyAPI\ParkyAPI.csproj", "{8DF14989-DD78-4885-BAD5-4798F0A61F8D}"
EndProject
Global
	GlobalSection(SolutionConfigurationPlatforms) = preSolution
		Debug|Any CPU = Debug|Any CPU
		Release|Any CPU = Release|Any CPU
	EndGlobalSection
	GlobalSection(ProjectConfigurationPlatforms) = postSolution
		{8DF14989-DD78-4885-BAD5-4798F0A61F8D}.Debug|Any CPU.ActiveCfg = Debug|Any CPU
		{8DF14989-DD78-4885-BAD5-4798F0A61F8D}.Debug|Any CPU.Build.0 = Debug|Any CPU
		{8DF14989-DD78-4885-BAD5-4798F0A61F8D}.Release|Any CPU.ActiveCfg = Release|Any CPU
		{8DF14989-DD78-4885-BAD5-4798F0A61F8D}.Release|Any CPU.Build.0 = Release|Any CPU
	EndGlobalSection
	GlobalSection(SolutionProperties) = preSolution
		HideSolutionNode = FALSE
	EndGlobalSection
	GlobalSection(ExtensibilityGlobals) = postSolution
		SolutionGuid = {79C82F40-25FE-4E30-908C-97AAE6189130}
	EndGlobalSection
EndGlobal
